
Microsoft Visual Studio Solution File, Format Version 12.00
# Visual Studio Version 17
VisualStudioVersion = 17.14.36414.22
MinimumVisualStudioVersion = 10.0.40219.1
Project("{FAE04EC0-301F-11D3-BF4B-00C04F79EFBC}") = "DungeonCrawler", "DungeonCrawler\DungeonCrawler.csproj", "{104CE226-94CC-4DC9-A6B7-326791F166B5}"
EndProject
Global
	GlobalSection(SolutionConfigurationPlatforms) = preSolution
		Debug|Any CPU = Debug|Any CPU
		Release|Any CPU = Release|Any CPU
	EndGlobalSection
	GlobalSection(ProjectConfigurationPlatforms) = postSolution
		{104CE226-94CC-4DC9-A6B7-326791F166B5}.Debug|Any CPU.ActiveCfg = Debug|Any CPU
		{104CE226-94CC-4DC9-A6B7-326791F166B5}.Debug|Any CPU.Build.0 = Debug|Any CPU
		{104CE226-94CC-4DC9-A6B7-326791F166B5}.Release|Any CPU.ActiveCfg = Release|Any CPU
		{104CE226-94CC-4DC9-A6B7-326791F166B5}.Release|Any CPU.Build.0 = Release|Any CPU
	EndGlobalSection
	GlobalSection(SolutionProperties) = preSolution
		HideSolutionNode = FALSE
	EndGlobalSection
	GlobalSection(ExtensibilityGlobals) = postSolution
		SolutionGuid = {A5147742-9E7F-4E02-B50E-6A72C825A540}
	EndGlobalSection
EndGlobal
